
Microsoft Visual Studio Solution File, Format Version 12.00
# Visual Studio 14
VisualStudioVersion = 14.0.25420.1
MinimumVisualStudioVersion = 10.0.40219.1
Project("{F14B399A-7131-4C87-9E4B-1186C45EF12D}") = "EmployeeReport", "EmployeeReport\EmployeeReport.rptproj", "{BCE50344-17AE-43C6-B7DC-64BF940FD536}"
EndProject
Global
	GlobalSection(SolutionConfigurationPlatforms) = preSolution
		Debug|Default = Debug|Default
		DebugLocal|Default = DebugLocal|Default
		Release|Default = Release|Default
	EndGlobalSection
	GlobalSection(ProjectConfigurationPlatforms) = postSolution
		{BCE50344-17AE-43C6-B7DC-64BF940FD536}.Debug|Default.ActiveCfg = Debug
		{BCE50344-17AE-43C6-B7DC-64BF940FD536}.Debug|Default.Build.0 = Debug
		{BCE50344-17AE-43C6-B7DC-64BF940FD536}.Debug|Default.Deploy.0 = Debug
		{BCE50344-17AE-43C6-B7DC-64BF940FD536}.DebugLocal|Default.ActiveCfg = DebugLocal
		{BCE50344-17AE-43C6-B7DC-64BF940FD536}.DebugLocal|Default.Build.0 = DebugLocal
		{BCE50344-17AE-43C6-B7DC-64BF940FD536}.Release|Default.ActiveCfg = Release
		{BCE50344-17AE-43C6-B7DC-64BF940FD536}.Release|Default.Build.0 = Release
		{BCE50344-17AE-43C6-B7DC-64BF940FD536}.Release|Default.Deploy.0 = Release
	EndGlobalSection
	GlobalSection(SolutionProperties) = preSolution
		HideSolutionNode = FALSE
	EndGlobalSection
EndGlobal
